
Microsoft Visual Studio Solution File, Format Version 12.00
# Visual Studio 2013
VisualStudioVersion = 12.0.21005.1
MinimumVisualStudioVersion = 10.0.40219.1
Project("{8BC9CEB8-8B4A-11D0-8D11-00A0C91BC942}") = "hafuman", "hafuman\hafuman.vcxproj", "{79875E13-6FF9-4471-9DF0-772288ABBB8B}"
EndProject
Global
	GlobalSection(SolutionConfigurationPlatforms) = preSolution
		Debug|Win32 = Debug|Win32
		Release|Win32 = Release|Win32
	EndGlobalSection
	GlobalSection(ProjectConfigurationPlatforms) = postSolution
		{79875E13-6FF9-4471-9DF0-772288ABBB8B}.Debug|Win32.ActiveCfg = Debug|Win32
		{79875E13-6FF9-4471-9DF0-772288ABBB8B}.Debug|Win32.Build.0 = Debug|Win32
		{79875E13-6FF9-4471-9DF0-772288ABBB8B}.Release|Win32.ActiveCfg = Release|Win32
		{79875E13-6FF9-4471-9DF0-772288ABBB8B}.Release|Win32.Build.0 = Release|Win32
	EndGlobalSection
	GlobalSection(SolutionProperties) = preSolution
		HideSolutionNode = FALSE
	EndGlobalSection
EndGlobal
